
Microsoft Visual Studio Solution File, Format Version 12.00
# Visual Studio Version 17
VisualStudioVersion = 17.9.34723.18
MinimumVisualStudioVersion = 10.0.40219.1
Project("{FAE04EC0-301F-11D3-BF4B-00C04F79EFBC}") = "Program", "Program.csproj", "{A138ACC5-9DB0-4BE0-A8B4-12D32AA617A5}"
EndProject
Global
	GlobalSection(SolutionConfigurationPlatforms) = preSolution
		Debug|Any CPU = Debug|Any CPU
		Release|Any CPU = Release|Any CPU
	EndGlobalSection
	GlobalSection(ProjectConfigurationPlatforms) = postSolution
		{A138ACC5-9DB0-4BE0-A8B4-12D32AA617A5}.Debug|Any CPU.ActiveCfg = Debug|Any CPU
		{A138ACC5-9DB0-4BE0-A8B4-12D32AA617A5}.Debug|Any CPU.Build.0 = Debug|Any CPU
		{A138ACC5-9DB0-4BE0-A8B4-12D32AA617A5}.Release|Any CPU.ActiveCfg = Release|Any CPU
		{A138ACC5-9DB0-4BE0-A8B4-12D32AA617A5}.Release|Any CPU.Build.0 = Release|Any CPU
	EndGlobalSection
	GlobalSection(SolutionProperties) = preSolution
		HideSolutionNode = FALSE
	EndGlobalSection
	GlobalSection(ExtensibilityGlobals) = postSolution
		SolutionGuid = {BF4F77A3-1383-48FB-BD32-59A97A3673E5}
	EndGlobalSection
EndGlobal
